{
  "version": 4,
  "terraform_version": "1.5.0",
  "serial": 1016,
  "lineage": "86cda6e2-23e6-c8cd-0e49-ab75cea908ae",
  "outputs": {},
  "resources": [
    {
      "module": "module.lb",
      "mode": "managed",
      "type": "google_compute_backend_service",
      "name": "backend_service",
      "provider": "provider[\"registry.terraform.io/hashicorp/google\"]",
      "instances": [
        {
          "schema_version": 1,
          "attributes": {
            "affinity_cookie_ttl_sec": 0,
            "backend": [
              {
                "balancing_mode": "UTILIZATION",
                "capacity_scaler": 1,
                "description": "",
                "group": "https://www.googleapis.com/compute/v1/projects/mystic-impulse-384712/regions/us-central1/instanceGroups/sag-module-instance-group-managed",
                "max_connections": 0,
                "max_connections_per_endpoint": 0,
                "max_connections_per_instance": 0,
                "max_rate": 0,
                "max_rate_per_endpoint": 0,
                "max_rate_per_instance": 0,
                "max_utilization": 0
              }
            ],
            "cdn_policy": [],
            "circuit_breakers": [],
            "compression_mode": "",
            "connection_draining_timeout_sec": 300,
            "consistent_hash": [],
            "creation_timestamp": "2023-06-14T06:43:18.801-07:00",
            "custom_request_headers": [],
            "custom_response_headers": [],
            "description": "",
            "edge_security_policy": "",
            "enable_cdn": false,
            "fingerprint": "Osi_TLxJdDg=",
            "generated_id": 1187190613697920281,
            "health_checks": [
              "https://www.googleapis.com/compute/v1/projects/mystic-impulse-384712/global/healthChecks/sag-airbyte-basic-check"
            ],
            "iap": [],
            "id": "projects/mystic-impulse-384712/global/backendServices/sag-backend-service",
            "load_balancing_scheme": "EXTERNAL",
            "locality_lb_policies": [],
            "locality_lb_policy": "",
            "log_config": [],
            "name": "sag-backend-service",
            "outlier_detection": [],
            "port_name": "airbyte",
            "project": "mystic-impulse-384712",
            "protocol": "HTTPS",
            "security_policy": "",
            "security_settings": [],
            "self_link": "https://www.googleapis.com/compute/v1/projects/mystic-impulse-384712/global/backendServices/sag-backend-service",
            "session_affinity": "NONE",
            "timeout_sec": 30,
            "timeouts": null
          },
          "sensitive_attributes": [],
          "private": "eyJlMmJmYjczMC1lY2FhLTExZTYtOGY4OC0zNDM2M2JjN2M0YzAiOnsiY3JlYXRlIjoxMjAwMDAwMDAwMDAwLCJkZWxldGUiOjEyMDAwMDAwMDAwMDAsInVwZGF0ZSI6MTIwMDAwMDAwMDAwMH0sInNjaGVtYV92ZXJzaW9uIjoiMSJ9",
          "dependencies": [
            "module.lb.google_compute_health_check.default_lb",
            "module.mig.google_compute_health_check.default",
            "module.mig.google_compute_instance_template.default",
            "module.mig.google_compute_region_instance_group_manager.module_group",
            "module.vpc.google_compute_network.vpc",
            "module.vpc.google_compute_subnetwork.private_subnet_1"
          ]
        }
      ]
    },
    {
      "module": "module.lb",
      "mode": "managed",
      "type": "google_compute_backend_service",
      "name": "grafana_service",
      "provider": "provider[\"registry.terraform.io/hashicorp/google\"]",
      "instances": [
        {
          "schema_version": 1,
          "attributes": {
            "affinity_cookie_ttl_sec": 0,
            "backend": [
              {
                "balancing_mode": "UTILIZATION",
                "capacity_scaler": 1,
                "description": "",
                "group": "https://www.googleapis.com/compute/v1/projects/mystic-impulse-384712/regions/us-central1/instanceGroups/sag-module-instance-group-managed",
                "max_connections": 0,
                "max_connections_per_endpoint": 0,
                "max_connections_per_instance": 0,
                "max_rate": 0,
                "max_rate_per_endpoint": 0,
                "max_rate_per_instance": 0,
                "max_utilization": 0
              }
            ],
            "cdn_policy": [],
            "circuit_breakers": [],
            "compression_mode": "",
            "connection_draining_timeout_sec": 300,
            "consistent_hash": [],
            "creation_timestamp": "2023-06-14T06:43:18.909-07:00",
            "custom_request_headers": [],
            "custom_response_headers": [],
            "description": "",
            "edge_security_policy": "",
            "enable_cdn": false,
            "fingerprint": "5IKRR6Tare4=",
            "generated_id": 1012607455905217817,
            "health_checks": [
              "https://www.googleapis.com/compute/v1/projects/mystic-impulse-384712/global/healthChecks/sag-grafana-basic-check"
            ],
            "iap": [],
            "id": "projects/mystic-impulse-384712/global/backendServices/sag-grafana-backend-service",
            "load_balancing_scheme": "EXTERNAL",
            "locality_lb_policies": [],
            "locality_lb_policy": "",
            "log_config": [],
            "name": "sag-grafana-backend-service",
            "outlier_detection": [],
            "port_name": "grafana",
            "project": "mystic-impulse-384712",
            "protocol": "HTTPS",
            "security_policy": "",
            "security_settings": [],
            "self_link": "https://www.googleapis.com/compute/v1/projects/mystic-impulse-384712/global/backendServices/sag-grafana-backend-service",
            "session_affinity": "NONE",
            "timeout_sec": 30,
            "timeouts": null
          },
          "sensitive_attributes": [],
          "private": "eyJlMmJmYjczMC1lY2FhLTExZTYtOGY4OC0zNDM2M2JjN2M0YzAiOnsiY3JlYXRlIjoxMjAwMDAwMDAwMDAwLCJkZWxldGUiOjEyMDAwMDAwMDAwMDAsInVwZGF0ZSI6MTIwMDAwMDAwMDAwMH0sInNjaGVtYV92ZXJzaW9uIjoiMSJ9",
          "dependencies": [
            "module.lb.google_compute_health_check.grafana_healthcheck",
            "module.mig.google_compute_health_check.default",
            "module.mig.google_compute_instance_template.default",
            "module.mig.google_compute_region_instance_group_manager.module_group",
            "module.vpc.google_compute_network.vpc",
            "module.vpc.google_compute_subnetwork.private_subnet_1"
          ]
        }
      ]
    },
    {
      "module": "module.lb",
      "mode": "managed",
      "type": "google_compute_global_address",
      "name": "static",
      "provider": "provider[\"registry.terraform.io/hashicorp/google\"]",
      "instances": [
        {
          "schema_version": 0,
          "attributes": {
            "address": "35.190.114.107",
            "address_type": "EXTERNAL",
            "creation_timestamp": "2023-06-14T06:42:07.738-07:00",
            "description": "",
            "id": "projects/mystic-impulse-384712/global/addresses/sag-lb-ipv4",
            "ip_version": "",
            "name": "sag-lb-ipv4",
            "network": "",
            "prefix_length": 0,
            "project": "mystic-impulse-384712",
            "purpose": "",
            "self_link": "https://www.googleapis.com/compute/v1/projects/mystic-impulse-384712/global/addresses/sag-lb-ipv4",
            "timeouts": null
          },
          "sensitive_attributes": [],
          "private": "eyJlMmJmYjczMC1lY2FhLTExZTYtOGY4OC0zNDM2M2JjN2M0YzAiOnsiY3JlYXRlIjoxMjAwMDAwMDAwMDAwLCJkZWxldGUiOjEyMDAwMDAwMDAwMDB9fQ=="
        }
      ]
    },
    {
      "module": "module.lb",
      "mode": "managed",
      "type": "google_compute_global_forwarding_rule",
      "name": "http_default",
      "provider": "provider[\"registry.terraform.io/hashicorp/google\"]",
      "instances": [
        {
          "schema_version": 0,
          "attributes": {
            "base_forwarding_rule": "",
            "description": "",
            "id": "projects/mystic-impulse-384712/global/forwardingRules/sag-http-content-rule",
            "ip_address": "35.190.114.107",
            "ip_protocol": "TCP",
            "ip_version": "",
            "label_fingerprint": "42WmSpB8rSM=",
            "labels": {},
            "load_balancing_scheme": "EXTERNAL",
            "metadata_filters": [],
            "name": "sag-http-content-rule",
            "network": "",
            "port_range": "80-80",
            "project": "mystic-impulse-384712",
            "psc_connection_id": "",
            "psc_connection_status": "",
            "self_link": "https://www.googleapis.com/compute/v1/projects/mystic-impulse-384712/global/forwardingRules/sag-http-content-rule",
            "source_ip_ranges": [],
            "target": "https://www.googleapis.com/compute/v1/projects/mystic-impulse-384712/global/targetHttpProxies/test-proxy",
            "timeouts": null
          },
          "sensitive_attributes": [],
          "private": "eyJlMmJmYjczMC1lY2FhLTExZTYtOGY4OC0zNDM2M2JjN2M0YzAiOnsiY3JlYXRlIjoxMjAwMDAwMDAwMDAwLCJkZWxldGUiOjEyMDAwMDAwMDAwMDAsInVwZGF0ZSI6MTIwMDAwMDAwMDAwMH19",
          "dependencies": [
            "module.lb.google_compute_backend_service.backend_service",
            "module.lb.google_compute_backend_service.grafana_service",
            "module.lb.google_compute_global_address.static",
            "module.lb.google_compute_health_check.default_lb",
            "module.lb.google_compute_health_check.grafana_healthcheck",
            "module.lb.google_compute_target_http_proxy.default",
            "module.lb.google_compute_url_map.default",
            "module.mig.google_compute_health_check.default",
            "module.mig.google_compute_instance_template.default",
            "module.mig.google_compute_region_instance_group_manager.module_group",
            "module.vpc.google_compute_network.vpc",
            "module.vpc.google_compute_subnetwork.private_subnet_1"
          ]
        }
      ]
    },
    {
      "module": "module.lb",
      "mode": "managed",
      "type": "google_compute_global_forwarding_rule",
      "name": "https_default",
      "provider": "provider[\"registry.terraform.io/hashicorp/google\"]",
      "instances": [
        {
          "schema_version": 0,
          "attributes": {
            "base_forwarding_rule": "",
            "description": "",
            "id": "projects/mystic-impulse-384712/global/forwardingRules/sag-https-content-rule",
            "ip_address": "35.190.114.107",
            "ip_protocol": "TCP",
            "ip_version": "",
            "label_fingerprint": "42WmSpB8rSM=",
            "labels": {},
            "load_balancing_scheme": "EXTERNAL",
            "metadata_filters": [],
            "name": "sag-https-content-rule",
            "network": "",
            "port_range": "443-443",
            "project": "mystic-impulse-384712",
            "psc_connection_id": "",
            "psc_connection_status": "",
            "self_link": "https://www.googleapis.com/compute/v1/projects/mystic-impulse-384712/global/forwardingRules/sag-https-content-rule",
            "source_ip_ranges": [],
            "target": "https://www.googleapis.com/compute/v1/projects/mystic-impulse-384712/global/targetHttpsProxies/sag-https-lb-proxy",
            "timeouts": null
          },
          "sensitive_attributes": [],
          "private": "eyJlMmJmYjczMC1lY2FhLTExZTYtOGY4OC0zNDM2M2JjN2M0YzAiOnsiY3JlYXRlIjoxMjAwMDAwMDAwMDAwLCJkZWxldGUiOjEyMDAwMDAwMDAwMDAsInVwZGF0ZSI6MTIwMDAwMDAwMDAwMH19",
          "dependencies": [
            "module.lb.google_compute_backend_service.backend_service",
            "module.lb.google_compute_backend_service.grafana_service",
            "module.lb.google_compute_global_address.static",
            "module.lb.google_compute_health_check.default_lb",
            "module.lb.google_compute_health_check.grafana_healthcheck",
            "module.lb.google_compute_managed_ssl_certificate.airbyte_cert",
            "module.lb.google_compute_managed_ssl_certificate.grafana_cert",
            "module.lb.google_compute_target_https_proxy.https_default",
            "module.lb.google_compute_url_map.default",
            "module.mig.google_compute_health_check.default",
            "module.mig.google_compute_instance_template.default",
            "module.mig.google_compute_region_instance_group_manager.module_group",
            "module.vpc.google_compute_network.vpc",
            "module.vpc.google_compute_subnetwork.private_subnet_1"
          ]
        }
      ]
    },
    {
      "module": "module.lb",
      "mode": "managed",
      "type": "google_compute_health_check",
      "name": "default_lb",
      "provider": "provider[\"registry.terraform.io/hashicorp/google\"]",
      "instances": [
        {
          "schema_version": 0,
          "attributes": {
            "check_interval_sec": 5,
            "creation_timestamp": "2023-06-14T06:42:07.709-07:00",
            "description": "",
            "grpc_health_check": [],
            "healthy_threshold": 2,
            "http2_health_check": [],
            "http_health_check": [],
            "https_health_check": [],
            "id": "projects/mystic-impulse-384712/global/healthChecks/sag-airbyte-basic-check",
            "log_config": [
              {
                "enable": false
              }
            ],
            "name": "sag-airbyte-basic-check",
            "project": "mystic-impulse-384712",
            "self_link": "https://www.googleapis.com/compute/v1/projects/mystic-impulse-384712/global/healthChecks/sag-airbyte-basic-check",
            "ssl_health_check": [],
            "tcp_health_check": [
              {
                "port": 8000,
                "port_name": "",
                "port_specification": "USE_FIXED_PORT",
                "proxy_header": "NONE",
                "request": "",
                "response": ""
              }
            ],
            "timeout_sec": 5,
            "timeouts": null,
            "type": "TCP",
            "unhealthy_threshold": 2
          },
          "sensitive_attributes": [],
          "private": "eyJlMmJmYjczMC1lY2FhLTExZTYtOGY4OC0zNDM2M2JjN2M0YzAiOnsiY3JlYXRlIjoxMjAwMDAwMDAwMDAwLCJkZWxldGUiOjEyMDAwMDAwMDAwMDAsInVwZGF0ZSI6MTIwMDAwMDAwMDAwMH19"
        }
      ]
    },
    {
      "module": "module.lb",
      "mode": "managed",
      "type": "google_compute_health_check",
      "name": "grafana_healthcheck",
      "provider": "provider[\"registry.terraform.io/hashicorp/google\"]",
      "instances": [
        {
          "schema_version": 0,
          "attributes": {
            "check_interval_sec": 5,
            "creation_timestamp": "2023-06-14T06:42:07.713-07:00",
            "description": "",
            "grpc_health_check": [],
            "healthy_threshold": 2,
            "http2_health_check": [],
            "http_health_check": [],
            "https_health_check": [],
            "id": "projects/mystic-impulse-384712/global/healthChecks/sag-grafana-basic-check",
            "log_config": [
              {
                "enable": false
              }
            ],
            "name": "sag-grafana-basic-check",
            "project": "mystic-impulse-384712",
            "self_link": "https://www.googleapis.com/compute/v1/projects/mystic-impulse-384712/global/healthChecks/sag-grafana-basic-check",
            "ssl_health_check": [],
            "tcp_health_check": [
              {
                "port": 3000,
                "port_name": "",
                "port_specification": "USE_FIXED_PORT",
                "proxy_header": "NONE",
                "request": "",
                "response": ""
              }
            ],
            "timeout_sec": 5,
            "timeouts": null,
            "type": "TCP",
            "unhealthy_threshold": 2
          },
          "sensitive_attributes": [],
          "private": "eyJlMmJmYjczMC1lY2FhLTExZTYtOGY4OC0zNDM2M2JjN2M0YzAiOnsiY3JlYXRlIjoxMjAwMDAwMDAwMDAwLCJkZWxldGUiOjEyMDAwMDAwMDAwMDAsInVwZGF0ZSI6MTIwMDAwMDAwMDAwMH19"
        }
      ]
    },
    {
      "module": "module.lb",
      "mode": "managed",
      "type": "google_compute_managed_ssl_certificate",
      "name": "airbyte_cert",
      "provider": "provider[\"registry.terraform.io/hashicorp/google\"]",
      "instances": [
        {
          "schema_version": 0,
          "attributes": {
            "certificate_id": 5538352458639899968,
            "creation_timestamp": "2023-06-14T06:42:07.649-07:00",
            "description": "",
            "expire_time": "",
            "id": "projects/mystic-impulse-384712/global/sslCertificates/sag-airbyte-ssl-cert",
            "managed": [
              {
                "domains": [
                  "airbyte.sag.airbyte.systems"
                ]
              }
            ],
            "name": "sag-airbyte-ssl-cert",
            "project": "mystic-impulse-384712",
            "self_link": "https://www.googleapis.com/compute/v1/projects/mystic-impulse-384712/global/sslCertificates/sag-airbyte-ssl-cert",
            "subject_alternative_names": [],
            "timeouts": null,
            "type": "MANAGED"
          },
          "sensitive_attributes": [],
          "private": "eyJlMmJmYjczMC1lY2FhLTExZTYtOGY4OC0zNDM2M2JjN2M0YzAiOnsiY3JlYXRlIjoxODAwMDAwMDAwMDAwLCJkZWxldGUiOjE4MDAwMDAwMDAwMDB9fQ=="
        }
      ]
    },
    {
      "module": "module.lb",
      "mode": "managed",
      "type": "google_compute_managed_ssl_certificate",
      "name": "grafana_cert",
      "provider": "provider[\"registry.terraform.io/hashicorp/google\"]",
      "instances": [
        {
          "schema_version": 0,
          "attributes": {
            "certificate_id": 1568536366158216512,
            "creation_timestamp": "2023-06-14T06:42:07.650-07:00",
            "description": "",
            "expire_time": "",
            "id": "projects/mystic-impulse-384712/global/sslCertificates/sag-grafana-ssl-cert",
            "managed": [
              {
                "domains": [
                  "grafana.sag.airbyte.systems"
                ]
              }
            ],
            "name": "sag-grafana-ssl-cert",
            "project": "mystic-impulse-384712",
            "self_link": "https://www.googleapis.com/compute/v1/projects/mystic-impulse-384712/global/sslCertificates/sag-grafana-ssl-cert",
            "subject_alternative_names": [],
            "timeouts": null,
            "type": "MANAGED"
          },
          "sensitive_attributes": [],
          "private": "eyJlMmJmYjczMC1lY2FhLTExZTYtOGY4OC0zNDM2M2JjN2M0YzAiOnsiY3JlYXRlIjoxODAwMDAwMDAwMDAwLCJkZWxldGUiOjE4MDAwMDAwMDAwMDB9fQ=="
        }
      ]
    },
    {
      "module": "module.lb",
      "mode": "managed",
      "type": "google_compute_target_http_proxy",
      "name": "default",
      "provider": "provider[\"registry.terraform.io/hashicorp/google\"]",
      "instances": [
        {
          "schema_version": 0,
          "attributes": {
            "creation_timestamp": "2023-06-14T06:43:55.123-07:00",
            "description": "",
            "id": "projects/mystic-impulse-384712/global/targetHttpProxies/test-proxy",
            "name": "test-proxy",
            "project": "mystic-impulse-384712",
            "proxy_bind": false,
            "proxy_id": 4529054153605151476,
            "self_link": "https://www.googleapis.com/compute/v1/projects/mystic-impulse-384712/global/targetHttpProxies/test-proxy",
            "timeouts": null,
            "url_map": "https://www.googleapis.com/compute/v1/projects/mystic-impulse-384712/global/urlMaps/airbyte-lb"
          },
          "sensitive_attributes": [],
          "private": "eyJlMmJmYjczMC1lY2FhLTExZTYtOGY4OC0zNDM2M2JjN2M0YzAiOnsiY3JlYXRlIjoxMjAwMDAwMDAwMDAwLCJkZWxldGUiOjEyMDAwMDAwMDAwMDAsInVwZGF0ZSI6MTIwMDAwMDAwMDAwMH19",
          "dependencies": [
            "module.lb.google_compute_backend_service.backend_service",
            "module.lb.google_compute_backend_service.grafana_service",
            "module.lb.google_compute_health_check.default_lb",
            "module.lb.google_compute_health_check.grafana_healthcheck",
            "module.lb.google_compute_url_map.default",
            "module.mig.google_compute_health_check.default",
            "module.mig.google_compute_instance_template.default",
            "module.mig.google_compute_region_instance_group_manager.module_group",
            "module.vpc.google_compute_network.vpc",
            "module.vpc.google_compute_subnetwork.private_subnet_1"
          ]
        }
      ]
    },
    {
      "module": "module.lb",
      "mode": "managed",
      "type": "google_compute_target_https_proxy",
      "name": "https_default",
      "provider": "provider[\"registry.terraform.io/hashicorp/google\"]",
      "instances": [
        {
          "schema_version": 0,
          "attributes": {
            "certificate_map": "",
            "creation_timestamp": "2023-06-14T06:43:55.113-07:00",
            "description": "",
            "id": "projects/mystic-impulse-384712/global/targetHttpsProxies/sag-https-lb-proxy",
            "name": "sag-https-lb-proxy",
            "project": "mystic-impulse-384712",
            "proxy_bind": false,
            "proxy_id": 213973890830203636,
            "quic_override": "NONE",
            "self_link": "https://www.googleapis.com/compute/v1/projects/mystic-impulse-384712/global/targetHttpsProxies/sag-https-lb-proxy",
            "ssl_certificates": [
              "https://www.googleapis.com/compute/v1/projects/mystic-impulse-384712/global/sslCertificates/sag-airbyte-ssl-cert",
              "https://www.googleapis.com/compute/v1/projects/mystic-impulse-384712/global/sslCertificates/sag-grafana-ssl-cert"
            ],
            "ssl_policy": "",
            "timeouts": null,
            "url_map": "https://www.googleapis.com/compute/v1/projects/mystic-impulse-384712/global/urlMaps/airbyte-lb"
          },
          "sensitive_attributes": [],
          "private": "eyJlMmJmYjczMC1lY2FhLTExZTYtOGY4OC0zNDM2M2JjN2M0YzAiOnsiY3JlYXRlIjoxMjAwMDAwMDAwMDAwLCJkZWxldGUiOjEyMDAwMDAwMDAwMDAsInVwZGF0ZSI6MTIwMDAwMDAwMDAwMH19",
          "dependencies": [
            "module.lb.google_compute_managed_ssl_certificate.airbyte_cert",
            "module.lb.google_compute_managed_ssl_certificate.grafana_cert",
            "module.lb.google_compute_url_map.default"
          ]
        }
      ]
    },
    {
      "module": "module.lb",
      "mode": "managed",
      "type": "google_compute_url_map",
      "name": "default",
      "provider": "provider[\"registry.terraform.io/hashicorp/google\"]",
      "instances": [
        {
          "schema_version": 0,
          "attributes": {
            "creation_timestamp": "2023-06-14T06:43:42.412-07:00",
            "default_route_action": [],
            "default_service": "https://www.googleapis.com/compute/v1/projects/mystic-impulse-384712/global/backendServices/sag-backend-service",
            "default_url_redirect": [],
            "description": "",
            "fingerprint": "CTeTVzdnNkk=",
            "header_action": [],
            "host_rule": [
              {
                "description": "",
                "hosts": [
                  "airbyte.sag.airbyte.systems"
                ],
                "path_matcher": "sag-airbyte"
              },
              {
                "description": "",
                "hosts": [
                  "grafana.sag.airbyte.systems"
                ],
                "path_matcher": "sag-grafana"
              }
            ],
            "id": "projects/mystic-impulse-384712/global/urlMaps/airbyte-lb",
            "map_id": 2221956872207104737,
            "name": "airbyte-lb",
            "path_matcher": [
              {
                "default_route_action": [],
                "default_service": "https://www.googleapis.com/compute/v1/projects/mystic-impulse-384712/global/backendServices/sag-backend-service",
                "default_url_redirect": [],
                "description": "",
                "header_action": [],
                "name": "sag-airbyte",
                "path_rule": [],
                "route_rules": []
              },
              {
                "default_route_action": [],
                "default_service": "https://www.googleapis.com/compute/v1/projects/mystic-impulse-384712/global/backendServices/sag-grafana-backend-service",
                "default_url_redirect": [],
                "description": "",
                "header_action": [],
                "name": "sag-grafana",
                "path_rule": [],
                "route_rules": []
              }
            ],
            "project": "mystic-impulse-384712",
            "self_link": "https://www.googleapis.com/compute/v1/projects/mystic-impulse-384712/global/urlMaps/airbyte-lb",
            "test": [],
            "timeouts": null
          },
          "sensitive_attributes": [],
          "private": "eyJlMmJmYjczMC1lY2FhLTExZTYtOGY4OC0zNDM2M2JjN2M0YzAiOnsiY3JlYXRlIjoxMjAwMDAwMDAwMDAwLCJkZWxldGUiOjEyMDAwMDAwMDAwMDAsInVwZGF0ZSI6MTIwMDAwMDAwMDAwMH19",
          "dependencies": [
            "module.lb.google_compute_backend_service.backend_service",
            "module.lb.google_compute_backend_service.grafana_service",
            "module.lb.google_compute_health_check.default_lb",
            "module.lb.google_compute_health_check.grafana_healthcheck",
            "module.mig.google_compute_health_check.default",
            "module.mig.google_compute_instance_template.default",
            "module.mig.google_compute_region_instance_group_manager.module_group",
            "module.vpc.google_compute_network.vpc",
            "module.vpc.google_compute_subnetwork.private_subnet_1"
          ]
        }
      ]
    },
    {
      "module": "module.mig",
      "mode": "managed",
      "type": "google_compute_firewall",
      "name": "allow-prom3",
      "provider": "provider[\"registry.terraform.io/hashicorp/google\"]",
      "instances": [
        {
          "schema_version": 1,
          "attributes": {
            "allow": [
              {
                "ports": [
                  "8000",
                  "3000"
                ],
                "protocol": "tcp"
              }
            ],
            "creation_timestamp": "2023-06-14T06:42:21.272-07:00",
            "deny": [],
            "description": "",
            "destination_ranges": [],
            "direction": "INGRESS",
            "disabled": false,
            "enable_logging": null,
            "id": "projects/mystic-impulse-384712/global/firewalls/allow-prom3",
            "log_config": [],
            "name": "allow-prom3",
            "network": "https://www.googleapis.com/compute/v1/projects/mystic-impulse-384712/global/networks/sag-airbyte-vpc1",
            "priority": 1000,
            "project": "mystic-impulse-384712",
            "self_link": "https://www.googleapis.com/compute/v1/projects/mystic-impulse-384712/global/firewalls/allow-prom3",
            "source_ranges": [
              "0.0.0.0/0"
            ],
            "source_service_accounts": [],
            "source_tags": [],
            "target_service_accounts": [],
            "target_tags": [],
            "timeouts": null
          },
          "sensitive_attributes": [],
          "private": "eyJlMmJmYjczMC1lY2FhLTExZTYtOGY4OC0zNDM2M2JjN2M0YzAiOnsiY3JlYXRlIjoxMjAwMDAwMDAwMDAwLCJkZWxldGUiOjEyMDAwMDAwMDAwMDAsInVwZGF0ZSI6MTIwMDAwMDAwMDAwMH0sInNjaGVtYV92ZXJzaW9uIjoiMSJ9",
          "dependencies": [
            "module.vpc.google_compute_network.vpc"
          ]
        }
      ]
    },
    {
      "module": "module.mig",
      "mode": "managed",
      "type": "google_compute_health_check",
      "name": "default",
      "provider": "provider[\"registry.terraform.io/hashicorp/google\"]",
      "instances": [
        {
          "schema_version": 0,
          "attributes": {
            "check_interval_sec": 120,
            "creation_timestamp": "2023-06-14T06:42:07.825-07:00",
            "description": "",
            "grpc_health_check": [],
            "healthy_threshold": 2,
            "http2_health_check": [],
            "http_health_check": [],
            "https_health_check": [],
            "id": "projects/mystic-impulse-384712/global/healthChecks/airbyte-health-check",
            "log_config": [
              {
                "enable": false
              }
            ],
            "name": "airbyte-health-check",
            "project": "mystic-impulse-384712",
            "self_link": "https://www.googleapis.com/compute/v1/projects/mystic-impulse-384712/global/healthChecks/airbyte-health-check",
            "ssl_health_check": [],
            "tcp_health_check": [
              {
                "port": 8000,
                "port_name": "",
                "port_specification": "",
                "proxy_header": "NONE",
                "request": "",
                "response": ""
              }
            ],
            "timeout_sec": 60,
            "timeouts": null,
            "type": "TCP",
            "unhealthy_threshold": 8
          },
          "sensitive_attributes": [],
          "private": "eyJlMmJmYjczMC1lY2FhLTExZTYtOGY4OC0zNDM2M2JjN2M0YzAiOnsiY3JlYXRlIjoxMjAwMDAwMDAwMDAwLCJkZWxldGUiOjEyMDAwMDAwMDAwMDAsInVwZGF0ZSI6MTIwMDAwMDAwMDAwMH19"
        }
      ]
    },
    {
      "module": "module.mig",
      "mode": "managed",
      "type": "google_compute_instance_template",
      "name": "default",
      "provider": "provider[\"registry.terraform.io/hashicorp/google\"]",
      "instances": [
        {
          "schema_version": 1,
          "attributes": {
            "advanced_machine_features": [],
            "can_ip_forward": false,
            "confidential_instance_config": [],
            "description": "",
            "disk": [
              {
                "auto_delete": true,
                "boot": true,
                "device_name": "boot-disk-0",
                "disk_encryption_key": [],
                "disk_name": "sag-airbyte-boot-disk",
                "disk_size_gb": 40,
                "disk_type": "pd-standard",
                "interface": "SCSI",
                "labels": {},
                "mode": "READ_WRITE",
                "resource_policies": [],
                "source": "",
                "source_image": "projects/mystic-impulse-384712/global/images/sparkar-airbyte-packer-1685354515",
                "source_image_encryption_key": [],
                "source_snapshot": "",
                "source_snapshot_encryption_key": [],
                "type": "PERSISTENT"
              }
            ],
            "guest_accelerator": [],
            "id": "projects/mystic-impulse-384712/global/instanceTemplates/sag-airbyte-template-20230614134235527600000001",
            "instance_description": "",
            "labels": null,
            "machine_type": "e2-medium",
            "metadata": {
              "startup-script": "#! /bin/bash\ncd /home/sparkar/airbyte\nbash run-ab-platform.sh -d\ndocker compose up -d\ncd /home/sparkar/observability\ndocker compose up -d\nsleep 60\ndocker exec rundeck sudo bash /tmp/rd.sh"
            },
            "metadata_fingerprint": "oUu8fd-gm-8=",
            "metadata_startup_script": null,
            "min_cpu_platform": "",
            "name": "sag-airbyte-template-20230614134235527600000001",
            "name_prefix": "sag-airbyte-template-",
            "network_interface": [
              {
                "access_config": [],
                "alias_ip_range": [],
                "ipv6_access_config": [],
                "ipv6_access_type": "",
                "name": "nic0",
                "network": "https://www.googleapis.com/compute/v1/projects/mystic-impulse-384712/global/networks/sag-airbyte-vpc1",
                "network_ip": "",
                "nic_type": "",
                "queue_count": 0,
                "stack_type": "",
                "subnetwork": "https://www.googleapis.com/compute/v1/projects/mystic-impulse-384712/regions/us-central1/subnetworks/sag-airbyte-private-subnet-1",
                "subnetwork_project": "mystic-impulse-384712"
              }
            ],
            "project": "mystic-impulse-384712",
            "region": "us-central1",
            "reservation_affinity": [],
            "resource_policies": null,
            "scheduling": [
              {
                "automatic_restart": true,
                "instance_termination_action": "",
                "min_node_cpus": 0,
                "node_affinities": [],
                "on_host_maintenance": "MIGRATE",
                "preemptible": false,
                "provisioning_model": "STANDARD"
              }
            ],
            "self_link": "https://www.googleapis.com/compute/v1/projects/mystic-impulse-384712/global/instanceTemplates/sag-airbyte-template-20230614134235527600000001",
            "self_link_unique": "https://www.googleapis.com/compute/v1/projects/mystic-impulse-384712/global/instanceTemplates/sag-airbyte-template-20230614134235527600000001?uniqueId=3693041586937298211",
            "service_account": [],
            "shielded_instance_config": [],
            "tags": [
              "allow-health-check"
            ],
            "tags_fingerprint": "",
            "timeouts": null
          },
          "sensitive_attributes": [],
          "private": "eyJlMmJmYjczMC1lY2FhLTExZTYtOGY4OC0zNDM2M2JjN2M0YzAiOnsiY3JlYXRlIjoyNDAwMDAwMDAwMDAsImRlbGV0ZSI6MjQwMDAwMDAwMDAwfSwic2NoZW1hX3ZlcnNpb24iOiIxIn0=",
          "dependencies": [
            "module.vpc.google_compute_network.vpc",
            "module.vpc.google_compute_subnetwork.private_subnet_1"
          ],
          "create_before_destroy": true
        }
      ]
    },
    {
      "module": "module.mig",
      "mode": "managed",
      "type": "google_compute_region_autoscaler",
      "name": "auto-scaler",
      "provider": "provider[\"registry.terraform.io/hashicorp/google\"]",
      "instances": [
        {
          "schema_version": 0,
          "attributes": {
            "autoscaling_policy": [
              {
                "cooldown_period": 300,
                "cpu_utilization": [
                  {
                    "predictive_method": "NONE",
                    "target": 0.8
                  }
                ],
                "load_balancing_utilization": [],
                "max_replicas": 2,
                "metric": [],
                "min_replicas": 1,
                "mode": "ON",
                "scale_in_control": [],
                "scaling_schedules": []
              }
            ],
            "creation_timestamp": "2023-06-14T06:43:19.795-07:00",
            "description": "",
            "id": "projects/mystic-impulse-384712/regions/us-central1/autoscalers/airbyte-autoscaler",
            "name": "airbyte-autoscaler",
            "project": "mystic-impulse-384712",
            "region": "https://www.googleapis.com/compute/v1/projects/mystic-impulse-384712/regions/us-central1",
            "self_link": "https://www.googleapis.com/compute/v1/projects/mystic-impulse-384712/regions/us-central1/autoscalers/airbyte-autoscaler",
            "target": "https://www.googleapis.com/compute/v1/projects/mystic-impulse-384712/regions/us-central1/instanceGroupManagers/sag-module-instance-group-managed",
            "timeouts": null
          },
          "sensitive_attributes": [],
          "private": "eyJlMmJmYjczMC1lY2FhLTExZTYtOGY4OC0zNDM2M2JjN2M0YzAiOnsiY3JlYXRlIjoxMjAwMDAwMDAwMDAwLCJkZWxldGUiOjEyMDAwMDAwMDAwMDAsInVwZGF0ZSI6MTIwMDAwMDAwMDAwMH19",
          "dependencies": [
            "module.mig.google_compute_health_check.default",
            "module.mig.google_compute_instance_template.default",
            "module.mig.google_compute_region_instance_group_manager.module_group",
            "module.vpc.google_compute_network.vpc",
            "module.vpc.google_compute_subnetwork.private_subnet_1"
          ]
        }
      ]
    },
    {
      "module": "module.mig",
      "mode": "managed",
      "type": "google_compute_region_instance_group_manager",
      "name": "module_group",
      "provider": "provider[\"registry.terraform.io/hashicorp/google\"]",
      "instances": [
        {
          "schema_version": 0,
          "attributes": {
            "auto_healing_policies": [
              {
                "health_check": "https://www.googleapis.com/compute/v1/projects/mystic-impulse-384712/global/healthChecks/airbyte-health-check",
                "initial_delay_sec": 480
              }
            ],
            "base_instance_name": "sag-airbyte",
            "description": "",
            "distribution_policy_target_shape": "EVEN",
            "distribution_policy_zones": [
              "us-central1-a",
              "us-central1-b"
            ],
            "fingerprint": "Nbuu_e5mEzE=",
            "id": "projects/mystic-impulse-384712/regions/us-central1/instanceGroupManagers/sag-module-instance-group-managed",
            "instance_group": "https://www.googleapis.com/compute/v1/projects/mystic-impulse-384712/regions/us-central1/instanceGroups/sag-module-instance-group-managed",
            "list_managed_instances_results": "PAGELESS",
            "name": "sag-module-instance-group-managed",
            "named_port": [
              {
                "name": "airbyte",
                "port": 8000
              },
              {
                "name": "grafana",
                "port": 3000
              }
            ],
            "project": "mystic-impulse-384712",
            "region": "us-central1",
            "self_link": "https://www.googleapis.com/compute/v1/projects/mystic-impulse-384712/regions/us-central1/instanceGroupManagers/sag-module-instance-group-managed",
            "stateful_disk": [],
            "status": [
              {
                "is_stable": false,
                "stateful": [
                  {
                    "has_stateful_config": false,
                    "per_instance_configs": [
                      {
                        "all_effective": true
                      }
                    ]
                  }
                ],
                "version_target": [
                  {
                    "is_reached": true
                  }
                ]
              }
            ],
            "target_pools": [],
            "target_size": 1,
            "timeouts": null,
            "update_policy": [
              {
                "instance_redistribution_type": "PROACTIVE",
                "max_surge_fixed": 0,
                "max_surge_percent": 0,
                "max_unavailable_fixed": 3,
                "max_unavailable_percent": 0,
                "minimal_action": "REPLACE",
                "most_disruptive_allowed_action": "REPLACE",
                "replacement_method": "RECREATE",
                "type": "PROACTIVE"
              }
            ],
            "version": [
              {
                "instance_template": "https://www.googleapis.com/compute/v1/projects/mystic-impulse-384712/global/instanceTemplates/sag-airbyte-template-20230614134235527600000001",
                "name": "primary",
                "target_size": []
              }
            ],
            "wait_for_instances": false,
            "wait_for_instances_status": "STABLE"
          },
          "sensitive_attributes": [],
          "private": "eyJlMmJmYjczMC1lY2FhLTExZTYtOGY4OC0zNDM2M2JjN2M0YzAiOnsiY3JlYXRlIjo5MDAwMDAwMDAwMDAsImRlbGV0ZSI6OTAwMDAwMDAwMDAwLCJ1cGRhdGUiOjkwMDAwMDAwMDAwMH19",
          "dependencies": [
            "module.mig.google_compute_health_check.default",
            "module.mig.google_compute_instance_template.default",
            "module.vpc.google_compute_network.vpc",
            "module.vpc.google_compute_subnetwork.private_subnet_1"
          ]
        }
      ]
    },
    {
      "module": "module.vpc",
      "mode": "managed",
      "type": "google_compute_firewall",
      "name": "firewall",
      "provider": "provider[\"registry.terraform.io/hashicorp/google\"]",
      "instances": [
        {
          "schema_version": 1,
          "attributes": {
            "allow": [
              {
                "ports": [
                  "22"
                ],
                "protocol": "tcp"
              }
            ],
            "creation_timestamp": "2023-06-14T06:42:21.104-07:00",
            "deny": [],
            "description": "",
            "destination_ranges": [],
            "direction": "INGRESS",
            "disabled": false,
            "enable_logging": null,
            "id": "projects/mystic-impulse-384712/global/firewalls/sag-firewall-externalssh",
            "log_config": [],
            "name": "sag-firewall-externalssh",
            "network": "https://www.googleapis.com/compute/v1/projects/mystic-impulse-384712/global/networks/sag-airbyte-vpc1",
            "priority": 1000,
            "project": "mystic-impulse-384712",
            "self_link": "https://www.googleapis.com/compute/v1/projects/mystic-impulse-384712/global/firewalls/sag-firewall-externalssh",
            "source_ranges": [
              "0.0.0.0/0"
            ],
            "source_service_accounts": [],
            "source_tags": [],
            "target_service_accounts": [],
            "target_tags": [],
            "timeouts": null
          },
          "sensitive_attributes": [],
          "private": "eyJlMmJmYjczMC1lY2FhLTExZTYtOGY4OC0zNDM2M2JjN2M0YzAiOnsiY3JlYXRlIjoxMjAwMDAwMDAwMDAwLCJkZWxldGUiOjEyMDAwMDAwMDAwMDAsInVwZGF0ZSI6MTIwMDAwMDAwMDAwMH0sInNjaGVtYV92ZXJzaW9uIjoiMSJ9",
          "dependencies": [
            "module.vpc.google_compute_network.vpc"
          ]
        }
      ]
    },
    {
      "module": "module.vpc",
      "mode": "managed",
      "type": "google_compute_network",
      "name": "vpc",
      "provider": "provider[\"registry.terraform.io/hashicorp/google\"]",
      "instances": [
        {
          "schema_version": 0,
          "attributes": {
            "auto_create_subnetworks": false,
            "delete_default_routes_on_create": false,
            "description": "",
            "enable_ula_internal_ipv6": false,
            "gateway_ipv4": "",
            "id": "projects/mystic-impulse-384712/global/networks/sag-airbyte-vpc1",
            "internal_ipv6_range": "",
            "mtu": 0,
            "name": "sag-airbyte-vpc1",
            "network_firewall_policy_enforcement_order": "AFTER_CLASSIC_FIREWALL",
            "project": "mystic-impulse-384712",
            "routing_mode": "GLOBAL",
            "self_link": "https://www.googleapis.com/compute/v1/projects/mystic-impulse-384712/global/networks/sag-airbyte-vpc1",
            "timeouts": null
          },
          "sensitive_attributes": [],
          "private": "eyJlMmJmYjczMC1lY2FhLTExZTYtOGY4OC0zNDM2M2JjN2M0YzAiOnsiY3JlYXRlIjoxMjAwMDAwMDAwMDAwLCJkZWxldGUiOjEyMDAwMDAwMDAwMDAsInVwZGF0ZSI6MTIwMDAwMDAwMDAwMH19",
          "create_before_destroy": true
        }
      ]
    },
    {
      "module": "module.vpc",
      "mode": "managed",
      "type": "google_compute_router",
      "name": "airbyte_router",
      "provider": "provider[\"registry.terraform.io/hashicorp/google\"]",
      "instances": [
        {
          "schema_version": 0,
          "attributes": {
            "bgp": [],
            "creation_timestamp": "2023-06-14T06:42:21.323-07:00",
            "description": "",
            "encrypted_interconnect_router": false,
            "id": "projects/mystic-impulse-384712/regions/us-central1/routers/airbyte-router",
            "name": "airbyte-router",
            "network": "https://www.googleapis.com/compute/v1/projects/mystic-impulse-384712/global/networks/sag-airbyte-vpc1",
            "project": "mystic-impulse-384712",
            "region": "us-central1",
            "self_link": "https://www.googleapis.com/compute/v1/projects/mystic-impulse-384712/regions/us-central1/routers/airbyte-router",
            "timeouts": null
          },
          "sensitive_attributes": [],
          "private": "eyJlMmJmYjczMC1lY2FhLTExZTYtOGY4OC0zNDM2M2JjN2M0YzAiOnsiY3JlYXRlIjoxMjAwMDAwMDAwMDAwLCJkZWxldGUiOjEyMDAwMDAwMDAwMDAsInVwZGF0ZSI6MTIwMDAwMDAwMDAwMH19",
          "dependencies": [
            "module.vpc.google_compute_network.vpc"
          ]
        }
      ]
    },
    {
      "module": "module.vpc",
      "mode": "managed",
      "type": "google_compute_router_nat",
      "name": "airbyte_nat",
      "provider": "provider[\"registry.terraform.io/hashicorp/google\"]",
      "instances": [
        {
          "schema_version": 0,
          "attributes": {
            "drain_nat_ips": [],
            "enable_dynamic_port_allocation": false,
            "enable_endpoint_independent_mapping": true,
            "icmp_idle_timeout_sec": 30,
            "id": "mystic-impulse-384712/us-central1/airbyte-router/airbyte-nat",
            "log_config": [],
            "max_ports_per_vm": 0,
            "min_ports_per_vm": 0,
            "name": "airbyte-nat",
            "nat_ip_allocate_option": "AUTO_ONLY",
            "nat_ips": [],
            "project": "mystic-impulse-384712",
            "region": "us-central1",
            "router": "airbyte-router",
            "rules": [],
            "source_subnetwork_ip_ranges_to_nat": "ALL_SUBNETWORKS_ALL_IP_RANGES",
            "subnetwork": [],
            "tcp_established_idle_timeout_sec": 1200,
            "tcp_time_wait_timeout_sec": 120,
            "tcp_transitory_idle_timeout_sec": 30,
            "timeouts": null,
            "udp_idle_timeout_sec": 30
          },
          "sensitive_attributes": [],
          "private": "eyJlMmJmYjczMC1lY2FhLTExZTYtOGY4OC0zNDM2M2JjN2M0YzAiOnsiY3JlYXRlIjoxMjAwMDAwMDAwMDAwLCJkZWxldGUiOjEyMDAwMDAwMDAwMDAsInVwZGF0ZSI6MTIwMDAwMDAwMDAwMH19",
          "dependencies": [
            "module.vpc.google_compute_network.vpc",
            "module.vpc.google_compute_router.airbyte_router"
          ]
        }
      ]
    },
    {
      "module": "module.vpc",
      "mode": "managed",
      "type": "google_compute_subnetwork",
      "name": "private_subnet_1",
      "provider": "provider[\"registry.terraform.io/hashicorp/google\"]",
      "instances": [
        {
          "schema_version": 0,
          "attributes": {
            "creation_timestamp": "2023-06-14T06:42:21.093-07:00",
            "description": "",
            "external_ipv6_prefix": "",
            "fingerprint": null,
            "gateway_address": "10.2.0.1",
            "id": "projects/mystic-impulse-384712/regions/us-central1/subnetworks/sag-airbyte-private-subnet-1",
            "ip_cidr_range": "10.2.0.0/16",
            "ipv6_access_type": "",
            "ipv6_cidr_range": "",
            "log_config": [],
            "name": "sag-airbyte-private-subnet-1",
            "network": "https://www.googleapis.com/compute/v1/projects/mystic-impulse-384712/global/networks/sag-airbyte-vpc1",
            "private_ip_google_access": false,
            "private_ipv6_google_access": "DISABLE_GOOGLE_ACCESS",
            "project": "mystic-impulse-384712",
            "purpose": "PRIVATE",
            "region": "us-central1",
            "role": "",
            "secondary_ip_range": [],
            "self_link": "https://www.googleapis.com/compute/v1/projects/mystic-impulse-384712/regions/us-central1/subnetworks/sag-airbyte-private-subnet-1",
            "stack_type": "IPV4_ONLY",
            "timeouts": null
          },
          "sensitive_attributes": [],
          "private": "eyJlMmJmYjczMC1lY2FhLTExZTYtOGY4OC0zNDM2M2JjN2M0YzAiOnsiY3JlYXRlIjoxMjAwMDAwMDAwMDAwLCJkZWxldGUiOjEyMDAwMDAwMDAwMDAsInVwZGF0ZSI6MTIwMDAwMDAwMDAwMH19",
          "dependencies": [
            "module.vpc.google_compute_network.vpc"
          ],
          "create_before_destroy": true
        }
      ]
    }
  ],
  "check_results": null
}
